
Microsoft Visual Studio Solution File, Format Version 12.00
# Visual Studio Version 17
VisualStudioVersion = 17.14.36518.9 d17.14
MinimumVisualStudioVersion = 10.0.40219.1
Project("{FAE04EC0-301F-11D3-BF4B-00C04F79EFBC}") = "Sida_Solar", "Sida_Solar\Sida_Solar.csproj", "{816FF6F9-2384-4BD0-AEAB-9E48E7D68A39}"
EndProject
Global
	GlobalSection(SolutionConfigurationPlatforms) = preSolution
		Debug|Any CPU = Debug|Any CPU
		Release|Any CPU = Release|Any CPU
	EndGlobalSection
	GlobalSection(ProjectConfigurationPlatforms) = postSolution
		{816FF6F9-2384-4BD0-AEAB-9E48E7D68A39}.Debug|Any CPU.ActiveCfg = Debug|Any CPU
		{816FF6F9-2384-4BD0-AEAB-9E48E7D68A39}.Debug|Any CPU.Build.0 = Debug|Any CPU
		{816FF6F9-2384-4BD0-AEAB-9E48E7D68A39}.Release|Any CPU.ActiveCfg = Release|Any CPU
		{816FF6F9-2384-4BD0-AEAB-9E48E7D68A39}.Release|Any CPU.Build.0 = Release|Any CPU
	EndGlobalSection
	GlobalSection(SolutionProperties) = preSolution
		HideSolutionNode = FALSE
	EndGlobalSection
	GlobalSection(ExtensibilityGlobals) = postSolution
		SolutionGuid = {C24752E4-E834-406E-82B2-0329970F7D1A}
	EndGlobalSection
EndGlobal

